
Microsoft Visual Studio Solution File, Format Version 12.00
# Visual Studio 15
VisualStudioVersion = 15.0.28010.2050
MinimumVisualStudioVersion = 10.0.40219.1
Project("{FAE04EC0-301F-11D3-BF4B-00C04F79EFBC}") = "AutoClicker", "AutoClicker\AutoClicker.csproj", "{F633DBAE-16F2-4512-967A-78B2E34C2D31}"
EndProject
Global
	GlobalSection(SolutionConfigurationPlatforms) = preSolution
		Debug|Any CPU = Debug|Any CPU
		Release|Any CPU = Release|Any CPU
	EndGlobalSection
	GlobalSection(ProjectConfigurationPlatforms) = postSolution
		{F633DBAE-16F2-4512-967A-78B2E34C2D31}.Debug|Any CPU.ActiveCfg = Debug|Any CPU
		{F633DBAE-16F2-4512-967A-78B2E34C2D31}.Debug|Any CPU.Build.0 = Debug|Any CPU
		{F633DBAE-16F2-4512-967A-78B2E34C2D31}.Release|Any CPU.ActiveCfg = Release|Any CPU
		{F633DBAE-16F2-4512-967A-78B2E34C2D31}.Release|Any CPU.Build.0 = Release|Any CPU
	EndGlobalSection
	GlobalSection(SolutionProperties) = preSolution
		HideSolutionNode = FALSE
	EndGlobalSection
	GlobalSection(ExtensibilityGlobals) = postSolution
		SolutionGuid = {7B7B90F1-1456-4DEA-9573-17C7F2042DC8}
	EndGlobalSection
EndGlobal
